
Microsoft Visual Studio Solution File, Format Version 12.00
# Visual Studio 15
VisualStudioVersion = 15.0.28307.1231
MinimumVisualStudioVersion = 10.0.40219.1
Project("{FAE04EC0-301F-11D3-BF4B-00C04F79EFBC}") = "500-600 adad", "500-600 adad\500-600 adad.csproj", "{75B44449-F9BE-46D0-AC84-0AACA175D43D}"
EndProject
Global
	GlobalSection(SolutionConfigurationPlatforms) = preSolution
		Debug|Any CPU = Debug|Any CPU
		Release|Any CPU = Release|Any CPU
	EndGlobalSection
	GlobalSection(ProjectConfigurationPlatforms) = postSolution
		{75B44449-F9BE-46D0-AC84-0AACA175D43D}.Debug|Any CPU.ActiveCfg = Debug|Any CPU
		{75B44449-F9BE-46D0-AC84-0AACA175D43D}.Debug|Any CPU.Build.0 = Debug|Any CPU
		{75B44449-F9BE-46D0-AC84-0AACA175D43D}.Release|Any CPU.ActiveCfg = Release|Any CPU
		{75B44449-F9BE-46D0-AC84-0AACA175D43D}.Release|Any CPU.Build.0 = Release|Any CPU
	EndGlobalSection
	GlobalSection(SolutionProperties) = preSolution
		HideSolutionNode = FALSE
	EndGlobalSection
	GlobalSection(ExtensibilityGlobals) = postSolution
		SolutionGuid = {0B654B8C-29E5-408F-B714-EAAA3C2D522E}
	EndGlobalSection
EndGlobal
