
Microsoft Visual Studio Solution File, Format Version 12.00
# Visual Studio 15
VisualStudioVersion = 15.0.28307.1231
MinimumVisualStudioVersion = 10.0.40219.1
Project("{FAE04EC0-301F-11D3-BF4B-00C04F79EFBC}") = "Adadfor", "Adadfor\Adadfor.csproj", "{7F68DADE-39D9-4D10-B7BD-9ADE7AA5CD3A}"
EndProject
Global
	GlobalSection(SolutionConfigurationPlatforms) = preSolution
		Debug|Any CPU = Debug|Any CPU
		Release|Any CPU = Release|Any CPU
	EndGlobalSection
	GlobalSection(ProjectConfigurationPlatforms) = postSolution
		{7F68DADE-39D9-4D10-B7BD-9ADE7AA5CD3A}.Debug|Any CPU.ActiveCfg = Debug|Any CPU
		{7F68DADE-39D9-4D10-B7BD-9ADE7AA5CD3A}.Debug|Any CPU.Build.0 = Debug|Any CPU
		{7F68DADE-39D9-4D10-B7BD-9ADE7AA5CD3A}.Release|Any CPU.ActiveCfg = Release|Any CPU
		{7F68DADE-39D9-4D10-B7BD-9ADE7AA5CD3A}.Release|Any CPU.Build.0 = Release|Any CPU
	EndGlobalSection
	GlobalSection(SolutionProperties) = preSolution
		HideSolutionNode = FALSE
	EndGlobalSection
	GlobalSection(ExtensibilityGlobals) = postSolution
		SolutionGuid = {38C67028-CFEE-46B2-8E9C-3459EB9D227C}
	EndGlobalSection
EndGlobal
