
Microsoft Visual Studio Solution File, Format Version 12.00
# Visual Studio 15
VisualStudioVersion = 15.0.28307.1231
MinimumVisualStudioVersion = 10.0.40219.1
Project("{FAE04EC0-301F-11D3-BF4B-00C04F79EFBC}") = "BigNumberBetween3Number", "BigNumberBetween3Number\BigNumberBetween3Number.csproj", "{87613AFD-FED8-47F1-89CD-3A555AFD627D}"
EndProject
Global
	GlobalSection(SolutionConfigurationPlatforms) = preSolution
		Debug|Any CPU = Debug|Any CPU
		Release|Any CPU = Release|Any CPU
	EndGlobalSection
	GlobalSection(ProjectConfigurationPlatforms) = postSolution
		{87613AFD-FED8-47F1-89CD-3A555AFD627D}.Debug|Any CPU.ActiveCfg = Debug|Any CPU
		{87613AFD-FED8-47F1-89CD-3A555AFD627D}.Debug|Any CPU.Build.0 = Debug|Any CPU
		{87613AFD-FED8-47F1-89CD-3A555AFD627D}.Release|Any CPU.ActiveCfg = Release|Any CPU
		{87613AFD-FED8-47F1-89CD-3A555AFD627D}.Release|Any CPU.Build.0 = Release|Any CPU
	EndGlobalSection
	GlobalSection(SolutionProperties) = preSolution
		HideSolutionNode = FALSE
	EndGlobalSection
	GlobalSection(ExtensibilityGlobals) = postSolution
		SolutionGuid = {E4281490-DAF6-457F-8671-23D7FC2B2EF2}
	EndGlobalSection
EndGlobal
