
Microsoft Visual Studio Solution File, Format Version 12.00
# Visual Studio 15
VisualStudioVersion = 15.0.28307.1231
MinimumVisualStudioVersion = 10.0.40219.1
Project("{FAE04EC0-301F-11D3-BF4B-00C04F79EFBC}") = "Garemotlag", "Garemotlag\Garemotlag.csproj", "{44F835C9-A6E2-4350-A5BE-88AB794AE1BD}"
EndProject
Global
	GlobalSection(SolutionConfigurationPlatforms) = preSolution
		Debug|Any CPU = Debug|Any CPU
		Release|Any CPU = Release|Any CPU
	EndGlobalSection
	GlobalSection(ProjectConfigurationPlatforms) = postSolution
		{44F835C9-A6E2-4350-A5BE-88AB794AE1BD}.Debug|Any CPU.ActiveCfg = Debug|Any CPU
		{44F835C9-A6E2-4350-A5BE-88AB794AE1BD}.Debug|Any CPU.Build.0 = Debug|Any CPU
		{44F835C9-A6E2-4350-A5BE-88AB794AE1BD}.Release|Any CPU.ActiveCfg = Release|Any CPU
		{44F835C9-A6E2-4350-A5BE-88AB794AE1BD}.Release|Any CPU.Build.0 = Release|Any CPU
	EndGlobalSection
	GlobalSection(SolutionProperties) = preSolution
		HideSolutionNode = FALSE
	EndGlobalSection
	GlobalSection(ExtensibilityGlobals) = postSolution
		SolutionGuid = {C04E2BEE-B6DA-41E7-B46C-F66D04EECFB3}
	EndGlobalSection
EndGlobal
