
Microsoft Visual Studio Solution File, Format Version 12.00
# Visual Studio 15
VisualStudioVersion = 15.0.28307.1231
MinimumVisualStudioVersion = 10.0.40219.1
Project("{FAE04EC0-301F-11D3-BF4B-00C04F79EFBC}") = "maxadadwitharrays", "maxadadwitharrays\maxadadwitharrays.csproj", "{B40ED59A-5649-4508-8743-16F6F4AA4032}"
EndProject
Global
	GlobalSection(SolutionConfigurationPlatforms) = preSolution
		Debug|Any CPU = Debug|Any CPU
		Release|Any CPU = Release|Any CPU
	EndGlobalSection
	GlobalSection(ProjectConfigurationPlatforms) = postSolution
		{B40ED59A-5649-4508-8743-16F6F4AA4032}.Debug|Any CPU.ActiveCfg = Debug|Any CPU
		{B40ED59A-5649-4508-8743-16F6F4AA4032}.Debug|Any CPU.Build.0 = Debug|Any CPU
		{B40ED59A-5649-4508-8743-16F6F4AA4032}.Release|Any CPU.ActiveCfg = Release|Any CPU
		{B40ED59A-5649-4508-8743-16F6F4AA4032}.Release|Any CPU.Build.0 = Release|Any CPU
	EndGlobalSection
	GlobalSection(SolutionProperties) = preSolution
		HideSolutionNode = FALSE
	EndGlobalSection
	GlobalSection(ExtensibilityGlobals) = postSolution
		SolutionGuid = {56F12F29-C60B-444C-8B4F-C1AB1B482237}
	EndGlobalSection
EndGlobal
