
Microsoft Visual Studio Solution File, Format Version 12.00
# Visual Studio 15
VisualStudioVersion = 15.0.28307.1231
MinimumVisualStudioVersion = 10.0.40219.1
Project("{FAE04EC0-301F-11D3-BF4B-00C04F79EFBC}") = "Setare(2)", "Setare(2)\Setare(2).csproj", "{A7B11D6D-B7B0-4628-A91B-C52BD0738473}"
EndProject
Global
	GlobalSection(SolutionConfigurationPlatforms) = preSolution
		Debug|Any CPU = Debug|Any CPU
		Release|Any CPU = Release|Any CPU
	EndGlobalSection
	GlobalSection(ProjectConfigurationPlatforms) = postSolution
		{A7B11D6D-B7B0-4628-A91B-C52BD0738473}.Debug|Any CPU.ActiveCfg = Debug|Any CPU
		{A7B11D6D-B7B0-4628-A91B-C52BD0738473}.Debug|Any CPU.Build.0 = Debug|Any CPU
		{A7B11D6D-B7B0-4628-A91B-C52BD0738473}.Release|Any CPU.ActiveCfg = Release|Any CPU
		{A7B11D6D-B7B0-4628-A91B-C52BD0738473}.Release|Any CPU.Build.0 = Release|Any CPU
	EndGlobalSection
	GlobalSection(SolutionProperties) = preSolution
		HideSolutionNode = FALSE
	EndGlobalSection
	GlobalSection(ExtensibilityGlobals) = postSolution
		SolutionGuid = {933AE73E-75F7-4F42-9E39-41BEBC15A23B}
	EndGlobalSection
EndGlobal
